
Microsoft Visual Studio Solution File, Format Version 11.00
# Visual Studio 2010
Project("{8BC9CEB8-8B4A-11D0-8D11-00A0C91BC942}") = "depp", "depp\depp.vcxproj", "{4CFCA45D-CA92-478C-9ABD-9880BE30CA11}"
EndProject
Global
	GlobalSection(SolutionConfigurationPlatforms) = preSolution
		Debug|Win32 = Debug|Win32
		Release|Win32 = Release|Win32
	EndGlobalSection
	GlobalSection(ProjectConfigurationPlatforms) = postSolution
		{4CFCA45D-CA92-478C-9ABD-9880BE30CA11}.Debug|Win32.ActiveCfg = Debug|Win32
		{4CFCA45D-CA92-478C-9ABD-9880BE30CA11}.Debug|Win32.Build.0 = Debug|Win32
		{4CFCA45D-CA92-478C-9ABD-9880BE30CA11}.Release|Win32.ActiveCfg = Release|Win32
		{4CFCA45D-CA92-478C-9ABD-9880BE30CA11}.Release|Win32.Build.0 = Release|Win32
	EndGlobalSection
	GlobalSection(SolutionProperties) = preSolution
		HideSolutionNode = FALSE
	EndGlobalSection
EndGlobal
